
Microsoft Visual Studio Solution File, Format Version 12.00
# Visual Studio Version 17
VisualStudioVersion = 17.4.33213.308
MinimumVisualStudioVersion = 10.0.40219.1
Project("{FAE04EC0-301F-11D3-BF4B-00C04F79EFBC}") = "PerfectConsoleApp", "PerfectConsoleApp.csproj", "{0765DB7A-1D88-4921-BC55-0CD00C5CB947}"
EndProject
Project("{FAE04EC0-301F-11D3-BF4B-00C04F79EFBC}") = "UltimateLibrary", "..\UltimateLibrary\UltimateLibrary.csproj", "{2A6402E2-5287-4999-95E8-F4B54DD5CC2B}"
EndProject
Project("{2150E333-8FDC-42A3-9474-1A3956D46DE8}") = "Tests", "Tests", "{26DAC026-A019-4FB9-8C81-E01B2F6BDDF7}"
EndProject
Project("{FAE04EC0-301F-11D3-BF4B-00C04F79EFBC}") = "UltimateLibraryTests", "..\UltimateLibraryTests\UltimateLibraryTests.csproj", "{A1EDCD3E-4700-48FC-8441-F797C1458D74}"
EndProject
Global
	GlobalSection(SolutionConfigurationPlatforms) = preSolution
		Debug|Any CPU = Debug|Any CPU
		Release|Any CPU = Release|Any CPU
	EndGlobalSection
	GlobalSection(ProjectConfigurationPlatforms) = postSolution
		{0765DB7A-1D88-4921-BC55-0CD00C5CB947}.Debug|Any CPU.ActiveCfg = Debug|Any CPU
		{0765DB7A-1D88-4921-BC55-0CD00C5CB947}.Debug|Any CPU.Build.0 = Debug|Any CPU
		{0765DB7A-1D88-4921-BC55-0CD00C5CB947}.Release|Any CPU.ActiveCfg = Release|Any CPU
		{0765DB7A-1D88-4921-BC55-0CD00C5CB947}.Release|Any CPU.Build.0 = Release|Any CPU
		{2A6402E2-5287-4999-95E8-F4B54DD5CC2B}.Debug|Any CPU.ActiveCfg = Debug|Any CPU
		{2A6402E2-5287-4999-95E8-F4B54DD5CC2B}.Debug|Any CPU.Build.0 = Debug|Any CPU
		{2A6402E2-5287-4999-95E8-F4B54DD5CC2B}.Release|Any CPU.ActiveCfg = Release|Any CPU
		{2A6402E2-5287-4999-95E8-F4B54DD5CC2B}.Release|Any CPU.Build.0 = Release|Any CPU
		{A1EDCD3E-4700-48FC-8441-F797C1458D74}.Debug|Any CPU.ActiveCfg = Debug|Any CPU
		{A1EDCD3E-4700-48FC-8441-F797C1458D74}.Debug|Any CPU.Build.0 = Debug|Any CPU
		{A1EDCD3E-4700-48FC-8441-F797C1458D74}.Release|Any CPU.ActiveCfg = Release|Any CPU
		{A1EDCD3E-4700-48FC-8441-F797C1458D74}.Release|Any CPU.Build.0 = Release|Any CPU
	EndGlobalSection
	GlobalSection(SolutionProperties) = preSolution
		HideSolutionNode = FALSE
	EndGlobalSection
	GlobalSection(NestedProjects) = preSolution
		{A1EDCD3E-4700-48FC-8441-F797C1458D74} = {26DAC026-A019-4FB9-8C81-E01B2F6BDDF7}
	EndGlobalSection
	GlobalSection(ExtensibilityGlobals) = postSolution
		SolutionGuid = {76E33B7E-E9B1-435C-981D-72CF7E335C17}
	EndGlobalSection
EndGlobal
